
Microsoft Visual Studio Solution File, Format Version 12.00
Project("{FAE04EC0-301F-11D3-BF4B-00C04F79EFBC}") = "ImageControl", "ImageControl\ImageControl.csproj", "{BE45DC58-78C4-46E7-A2B7-7B0E5008F5B1}"
EndProject
Global
	GlobalSection(SolutionConfigurationPlatforms) = preSolution
		Debug|Any CPU = Debug|Any CPU
		Release|Any CPU = Release|Any CPU
	EndGlobalSection
	GlobalSection(ProjectConfigurationPlatforms) = postSolution
		{BE45DC58-78C4-46E7-A2B7-7B0E5008F5B1}.Debug|Any CPU.ActiveCfg = Debug|Any CPU
		{BE45DC58-78C4-46E7-A2B7-7B0E5008F5B1}.Debug|Any CPU.Build.0 = Debug|Any CPU
		{BE45DC58-78C4-46E7-A2B7-7B0E5008F5B1}.Release|Any CPU.ActiveCfg = Release|Any CPU
		{BE45DC58-78C4-46E7-A2B7-7B0E5008F5B1}.Release|Any CPU.Build.0 = Release|Any CPU
	EndGlobalSection
EndGlobal
