
Microsoft Visual Studio Solution File, Format Version 12.00
Project("{FAE04EC0-301F-11D3-BF4B-00C04F79EFBC}") = "LabelDemo", "LabelDemo\LabelDemo.csproj", "{FD624D79-3FC2-41AF-B9FE-D224C2C9AEA2}"
EndProject
Global
	GlobalSection(SolutionConfigurationPlatforms) = preSolution
		Debug|Any CPU = Debug|Any CPU
		Release|Any CPU = Release|Any CPU
	EndGlobalSection
	GlobalSection(ProjectConfigurationPlatforms) = postSolution
		{FD624D79-3FC2-41AF-B9FE-D224C2C9AEA2}.Debug|Any CPU.ActiveCfg = Debug|Any CPU
		{FD624D79-3FC2-41AF-B9FE-D224C2C9AEA2}.Debug|Any CPU.Build.0 = Debug|Any CPU
		{FD624D79-3FC2-41AF-B9FE-D224C2C9AEA2}.Release|Any CPU.ActiveCfg = Release|Any CPU
		{FD624D79-3FC2-41AF-B9FE-D224C2C9AEA2}.Release|Any CPU.Build.0 = Release|Any CPU
	EndGlobalSection
EndGlobal
